// !$*UTF8*$!
{ archiveVersion = 1; classes = {}; objectVersion = 56; objects = {
AAC9300FF486A5807840989E = { isa = PBXFileReference; lastKnownFileType = sourcecode.swift; path = "Core.swift"; sourceTree = "<group>"; };
6DBDEB1818D2B2798436CA46 = { isa = PBXBuildFile; fileRef = AAC9300FF486A5807840989E; };
7ED60DE4443D55322EDBA9EF = { isa = PBXFileReference; lastKnownFileType = sourcecode.swift; path = "Dashboard.swift"; sourceTree = "<group>"; };
485A4D514BF258D53154F777 = { isa = PBXBuildFile; fileRef = 7ED60DE4443D55322EDBA9EF; };
D9151D6FC8856F77D82859BC = { isa = PBXFileReference; lastKnownFileType = sourcecode.swift; path = "ImageTextView.swift"; sourceTree = "<group>"; };
46DA4F7448C3430371C496DB = { isa = PBXBuildFile; fileRef = D9151D6FC8856F77D82859BC; };
EB11F39B48389C20506133FF = { isa = PBXFileReference; lastKnownFileType = sourcecode.swift; path = "Store.swift"; sourceTree = "<group>"; };
D3A20BBB085EB40FE40BD174 = { isa = PBXBuildFile; fileRef = EB11F39B48389C20506133FF; };
4D94723251AC3260BC83FEF4 = { isa = PBXFileReference; lastKnownFileType = sourcecode.swift; path = "Style.swift"; sourceTree = "<group>"; };
EC75DE14395FD33C85A3BD96 = { isa = PBXBuildFile; fileRef = 4D94723251AC3260BC83FEF4; };
FC8A7B0E9300947C28DADE6A = { isa = PBXFileReference; lastKnownFileType = sourcecode.swift; path = "WorkspaceViews.swift"; sourceTree = "<group>"; };
1B60208BD852636FF4DB34F7 = { isa = PBXBuildFile; fileRef = FC8A7B0E9300947C28DADE6A; };
7E96A224F12C1375FA67A72E = { isa = PBXFileReference; lastKnownFileType = sourcecode.swift; path = "iPadOnSteroidsApp.swift"; sourceTree = "<group>"; };
0C8E420F63C679B3D719EC72 = { isa = PBXBuildFile; fileRef = 7E96A224F12C1375FA67A72E; };
1C48CE29E4E135EE62951B22 = { isa = PBXGroup; children = (96ED5C5789B174A01557791C, AAC9300FF486A5807840989E, 7ED60DE4443D55322EDBA9EF, D9151D6FC8856F77D82859BC, EB11F39B48389C20506133FF, 4D94723251AC3260BC83FEF4, FC8A7B0E9300947C28DADE6A, 7E96A224F12C1375FA67A72E,); path = App; sourceTree = "<group>"; };
9F0A1C765294611A0A86B6A9 = { isa = PBXSourcesBuildPhase; buildActionMask = 2147483647; files = (6DBDEB1818D2B2798436CA46, 485A4D514BF258D53154F777, 46DA4F7448C3430371C496DB, D3A20BBB085EB40FE40BD174, EC75DE14395FD33C85A3BD96, 1B60208BD852636FF4DB34F7, 0C8E420F63C679B3D719EC72,); runOnlyForDeploymentPostprocessing = 0; };
96ED5C5789B174A01557791C = { isa = PBXFileReference; lastKnownFileType = text.xml; path = PrivacyInfo.xcprivacy; sourceTree = "<group>"; };
A39309C4376B4D66A5739C05 = { isa = PBXBuildFile; fileRef = 96ED5C5789B174A01557791C; };
508D386D2D550BA1443385BD = { isa = PBXFileReference; lastKnownFileType = sourcecode.swift; path = "CoreTests.swift"; sourceTree = "<group>"; };
33765F539F08A292E8243A2B = { isa = PBXBuildFile; fileRef = 508D386D2D550BA1443385BD; };
B7DB87CC51B4BB33A3879CF3 = { isa = PBXFileReference; lastKnownFileType = sourcecode.swift; path = "StoreTests.swift"; sourceTree = "<group>"; };
D3CEE657FB33C3389CCD3C83 = { isa = PBXBuildFile; fileRef = B7DB87CC51B4BB33A3879CF3; };
156052F04525D0F710673CF0 = { isa = PBXGroup; children = (508D386D2D550BA1443385BD, B7DB87CC51B4BB33A3879CF3,); path = Tests; sourceTree = "<group>"; };
69887EC0CA12F7A42F4D42A9 = { isa = PBXSourcesBuildPhase; buildActionMask = 2147483647; files = (33765F539F08A292E8243A2B, D3CEE657FB33C3389CCD3C83,); runOnlyForDeploymentPostprocessing = 0; };
12C7F167245F49831D1592FB = { isa = PBXFileReference; lastKnownFileType = sourcecode.swift; path = "LaunchTests.swift"; sourceTree = "<group>"; };
354AA8D11782B1D2CB7F149F = { isa = PBXBuildFile; fileRef = 12C7F167245F49831D1592FB; };
5A349263041B6A939BD7831F = { isa = PBXGroup; children = (12C7F167245F49831D1592FB,); path = UITests; sourceTree = "<group>"; };
1118105F45E601DED403897C = { isa = PBXSourcesBuildPhase; buildActionMask = 2147483647; files = (354AA8D11782B1D2CB7F149F,); runOnlyForDeploymentPostprocessing = 0; };
4E783A9E10D2A8ABA38CD11C = { isa = PBXFileReference; explicitFileType = wrapper.application; path = "iPadOnSteroids.app"; sourceTree = BUILT_PRODUCTS_DIR; };
6C7CCDEB3609F1FAA874E941 = { isa = PBXFileReference; explicitFileType = wrapper.cfbundle; path = "iPadOnSteroidsTests.xctest"; sourceTree = BUILT_PRODUCTS_DIR; };
9B7BED31F6F48AD5D908B2BC = { isa = PBXFileReference; explicitFileType = wrapper.cfbundle; path = "iPadOnSteroidsUITests.xctest"; sourceTree = BUILT_PRODUCTS_DIR; };
FBDC4F23F93125BBEEAE800C = { isa = PBXGroup; children = (4E783A9E10D2A8ABA38CD11C, 6C7CCDEB3609F1FAA874E941, 9B7BED31F6F48AD5D908B2BC,); name = Products; sourceTree = "<group>"; };
870B3294C0CBD48AF6BBCC1B = { isa = PBXGroup; children = (1C48CE29E4E135EE62951B22, 156052F04525D0F710673CF0, 5A349263041B6A939BD7831F, FBDC4F23F93125BBEEAE800C,); sourceTree = "<group>"; };
89E1FD6268CC0F221A2BE178 = { isa = XCBuildConfiguration; buildSettings = { IPHONEOS_DEPLOYMENT_TARGET = 17.0; SDKROOT = iphoneos; SWIFT_VERSION = 5.0; CLANG_ENABLE_MODULES = YES; SWIFT_OPTIMIZATION_LEVEL = "-Onone"; DEBUG_INFORMATION_FORMAT = dwarf; SWIFT_ACTIVE_COMPILATION_CONDITIONS = DEBUG; ENABLE_TESTABILITY = YES; }; name = Debug; };
E6DE6C99132752C914FEF632 = { isa = XCBuildConfiguration; buildSettings = { IPHONEOS_DEPLOYMENT_TARGET = 17.0; SDKROOT = iphoneos; SWIFT_VERSION = 5.0; CLANG_ENABLE_MODULES = YES; SWIFT_OPTIMIZATION_LEVEL = "-O"; DEBUG_INFORMATION_FORMAT = "dwarf-with-dsym"; }; name = Release; };
862894B703A6DEDF96A9DD6C = { isa = XCConfigurationList; buildConfigurations = (89E1FD6268CC0F221A2BE178, E6DE6C99132752C914FEF632,); defaultConfigurationIsVisible = 0; defaultConfigurationName = Release; };
E9B2E96ABC5F6856F2BE79CF = { isa = XCBuildConfiguration; buildSettings = { CODE_SIGN_STYLE = Automatic; GENERATE_INFOPLIST_FILE = YES;
INFOPLIST_KEY_CFBundleDisplayName = "iPad on Steroids";
INFOPLIST_KEY_LSApplicationCategoryType = "public.app-category.productivity";
INFOPLIST_KEY_UIApplicationSceneManifest_Generation = YES;
INFOPLIST_KEY_UIApplicationSupportsMultipleScenes = NO;
INFOPLIST_KEY_UIApplicationSupportsIndirectInputEvents = YES;
INFOPLIST_KEY_UILaunchScreen_Generation = YES;
INFOPLIST_KEY_UISupportedInterfaceOrientations_iPad = "UIInterfaceOrientationPortrait UIInterfaceOrientationPortraitUpsideDown UIInterfaceOrientationLandscapeLeft UIInterfaceOrientationLandscapeRight";
PRODUCT_BUNDLE_IDENTIFIER = com.mohindpa.ipadonsteroids;
PRODUCT_NAME = "$(TARGET_NAME)"; TARGETED_DEVICE_FAMILY = 2;
MARKETING_VERSION = 0.2.0; CURRENT_PROJECT_VERSION = 2;
SUPPORTED_PLATFORMS = "iphoneos iphonesimulator"; SUPPORTS_MACCATALYST = NO;
 SWIFT_OPTIMIZATION_LEVEL = "-Onone"; DEBUG_INFORMATION_FORMAT = dwarf; SWIFT_ACTIVE_COMPILATION_CONDITIONS = DEBUG; ENABLE_TESTABILITY = YES; }; name = Debug; };
5A8C91857F674E16E2724F47 = { isa = XCBuildConfiguration; buildSettings = { CODE_SIGN_STYLE = Automatic; GENERATE_INFOPLIST_FILE = YES;
INFOPLIST_KEY_CFBundleDisplayName = "iPad on Steroids";
INFOPLIST_KEY_LSApplicationCategoryType = "public.app-category.productivity";
INFOPLIST_KEY_UIApplicationSceneManifest_Generation = YES;
INFOPLIST_KEY_UIApplicationSupportsMultipleScenes = NO;
INFOPLIST_KEY_UIApplicationSupportsIndirectInputEvents = YES;
INFOPLIST_KEY_UILaunchScreen_Generation = YES;
INFOPLIST_KEY_UISupportedInterfaceOrientations_iPad = "UIInterfaceOrientationPortrait UIInterfaceOrientationPortraitUpsideDown UIInterfaceOrientationLandscapeLeft UIInterfaceOrientationLandscapeRight";
PRODUCT_BUNDLE_IDENTIFIER = com.mohindpa.ipadonsteroids;
PRODUCT_NAME = "$(TARGET_NAME)"; TARGETED_DEVICE_FAMILY = 2;
MARKETING_VERSION = 0.2.0; CURRENT_PROJECT_VERSION = 2;
SUPPORTED_PLATFORMS = "iphoneos iphonesimulator"; SUPPORTS_MACCATALYST = NO;
 SWIFT_OPTIMIZATION_LEVEL = "-O"; DEBUG_INFORMATION_FORMAT = "dwarf-with-dsym"; }; name = Release; };
F37922C48DA5978D02C9E50E = { isa = XCConfigurationList; buildConfigurations = (E9B2E96ABC5F6856F2BE79CF, 5A8C91857F674E16E2724F47,); defaultConfigurationIsVisible = 0; defaultConfigurationName = Release; };
FCB48D8F88BCDB0ED9FADFD7 = { isa = XCBuildConfiguration; buildSettings = { CODE_SIGN_STYLE = Automatic; GENERATE_INFOPLIST_FILE = YES;
PRODUCT_BUNDLE_IDENTIFIER = com.mohindpa.ipadonsteroids.tests;
PRODUCT_NAME = "$(TARGET_NAME)"; TARGETED_DEVICE_FAMILY = 2;
TEST_HOST = "$(BUILT_PRODUCTS_DIR)/iPadOnSteroids.app/$(BUNDLE_EXECUTABLE_FOLDER_PATH)/iPadOnSteroids";
BUNDLE_LOADER = "$(TEST_HOST)";
 SWIFT_OPTIMIZATION_LEVEL = "-Onone"; DEBUG_INFORMATION_FORMAT = dwarf; SWIFT_ACTIVE_COMPILATION_CONDITIONS = DEBUG; ENABLE_TESTABILITY = YES; }; name = Debug; };
942EEBBACD6C88CAE7F29B29 = { isa = XCBuildConfiguration; buildSettings = { CODE_SIGN_STYLE = Automatic; GENERATE_INFOPLIST_FILE = YES;
PRODUCT_BUNDLE_IDENTIFIER = com.mohindpa.ipadonsteroids.tests;
PRODUCT_NAME = "$(TARGET_NAME)"; TARGETED_DEVICE_FAMILY = 2;
TEST_HOST = "$(BUILT_PRODUCTS_DIR)/iPadOnSteroids.app/$(BUNDLE_EXECUTABLE_FOLDER_PATH)/iPadOnSteroids";
BUNDLE_LOADER = "$(TEST_HOST)";
 SWIFT_OPTIMIZATION_LEVEL = "-O"; DEBUG_INFORMATION_FORMAT = "dwarf-with-dsym"; }; name = Release; };
BECB265224D91761C05FDA33 = { isa = XCConfigurationList; buildConfigurations = (FCB48D8F88BCDB0ED9FADFD7, 942EEBBACD6C88CAE7F29B29,); defaultConfigurationIsVisible = 0; defaultConfigurationName = Release; };
94C1D7A82E2F92E70C5BA5D8 = { isa = XCBuildConfiguration; buildSettings = { CODE_SIGN_STYLE = Automatic; GENERATE_INFOPLIST_FILE = YES; PRODUCT_BUNDLE_IDENTIFIER = com.mohindpa.ipadonsteroids.uitests; PRODUCT_NAME = "$(TARGET_NAME)"; TARGETED_DEVICE_FAMILY = 2; TEST_TARGET_NAME = iPadOnSteroids; SWIFT_OPTIMIZATION_LEVEL = "-Onone"; DEBUG_INFORMATION_FORMAT = dwarf; SWIFT_ACTIVE_COMPILATION_CONDITIONS = DEBUG; ENABLE_TESTABILITY = YES; }; name = Debug; };
9609A256A79253DD705A918E = { isa = XCBuildConfiguration; buildSettings = { CODE_SIGN_STYLE = Automatic; GENERATE_INFOPLIST_FILE = YES; PRODUCT_BUNDLE_IDENTIFIER = com.mohindpa.ipadonsteroids.uitests; PRODUCT_NAME = "$(TARGET_NAME)"; TARGETED_DEVICE_FAMILY = 2; TEST_TARGET_NAME = iPadOnSteroids; SWIFT_OPTIMIZATION_LEVEL = "-O"; DEBUG_INFORMATION_FORMAT = "dwarf-with-dsym"; }; name = Release; };
2C89FC06BA9452D155609FB8 = { isa = XCConfigurationList; buildConfigurations = (94C1D7A82E2F92E70C5BA5D8, 9609A256A79253DD705A918E,); defaultConfigurationIsVisible = 0; defaultConfigurationName = Release; };
D799BAE6088A90139B415FCC = { isa = PBXContainerItemProxy; containerPortal = 98F54143AB4E86B28C3AFEE0; proxyType = 1; remoteGlobalIDString = F75109BEB4DD8800DA6B45F8; remoteInfo = iPadOnSteroids; };
BAE932EF166B50AB877FDC6F = { isa = PBXTargetDependency; target = F75109BEB4DD8800DA6B45F8; targetProxy = D799BAE6088A90139B415FCC; };
12384B5908BE5FE5B3301CEE = { isa = PBXFrameworksBuildPhase; buildActionMask = 2147483647; files = (); runOnlyForDeploymentPostprocessing = 0; };
06F5DC629BD46AAFD46564D1 = { isa = PBXResourcesBuildPhase; buildActionMask = 2147483647; files = (A39309C4376B4D66A5739C05,); runOnlyForDeploymentPostprocessing = 0; };
F75109BEB4DD8800DA6B45F8 = { isa = PBXNativeTarget; buildConfigurationList = F37922C48DA5978D02C9E50E; buildPhases = (9F0A1C765294611A0A86B6A9, 12384B5908BE5FE5B3301CEE, 06F5DC629BD46AAFD46564D1,); buildRules = (); dependencies = (); name = iPadOnSteroids; productName = iPadOnSteroids; productReference = 4E783A9E10D2A8ABA38CD11C; productType = "com.apple.product-type.application"; };
99C7943D90D870A50ADE9160 = { isa = PBXFrameworksBuildPhase; buildActionMask = 2147483647; files = (); runOnlyForDeploymentPostprocessing = 0; };
C584AE92222380FB29B6223F = { isa = PBXResourcesBuildPhase; buildActionMask = 2147483647; files = (); runOnlyForDeploymentPostprocessing = 0; };
C062A5A4A7F4F37DD90F54CB = { isa = PBXNativeTarget; buildConfigurationList = BECB265224D91761C05FDA33; buildPhases = (69887EC0CA12F7A42F4D42A9, 99C7943D90D870A50ADE9160, C584AE92222380FB29B6223F,); buildRules = (); dependencies = (BAE932EF166B50AB877FDC6F,); name = iPadOnSteroidsTests; productName = iPadOnSteroidsTests; productReference = 6C7CCDEB3609F1FAA874E941; productType = "com.apple.product-type.bundle.unit-test"; };
05A219E03BBB2EF083AE1853 = { isa = PBXFrameworksBuildPhase; buildActionMask = 2147483647; files = (); runOnlyForDeploymentPostprocessing = 0; };
5EB9CCB577FB52F9372C4A07 = { isa = PBXResourcesBuildPhase; buildActionMask = 2147483647; files = (); runOnlyForDeploymentPostprocessing = 0; };
794AAC98ACE6EB716B86C3A5 = { isa = PBXNativeTarget; buildConfigurationList = 2C89FC06BA9452D155609FB8; buildPhases = (1118105F45E601DED403897C, 05A219E03BBB2EF083AE1853, 5EB9CCB577FB52F9372C4A07,); buildRules = (); dependencies = (BAE932EF166B50AB877FDC6F,); name = iPadOnSteroidsUITests; productName = iPadOnSteroidsUITests; productReference = 9B7BED31F6F48AD5D908B2BC; productType = "com.apple.product-type.bundle.ui-testing"; };
98F54143AB4E86B28C3AFEE0 = { isa = PBXProject; attributes = { LastUpgradeCheck = 1600; BuildIndependentTargetsInParallel = YES; }; buildConfigurationList = 862894B703A6DEDF96A9DD6C; compatibilityVersion = "Xcode 14.0"; developmentRegion = en; hasScannedForEncodings = 0; knownRegions = (en, Base); mainGroup = 870B3294C0CBD48AF6BBCC1B; productRefGroup = FBDC4F23F93125BBEEAE800C; projectDirPath = ""; projectRoot = ""; targets = (F75109BEB4DD8800DA6B45F8, C062A5A4A7F4F37DD90F54CB, 794AAC98ACE6EB716B86C3A5,); };
}; rootObject = 98F54143AB4E86B28C3AFEE0; }
